<?xml version="1.0" encoding="utf-8"?>
<Project ToolsVersion="4.0" xmlns="http://schemas.microsoft.com/developer/msbuild/2003">
  <ItemGroup>
    <Filter Include="Исходные файлы">
      <UniqueIdentifier>{4FC737F1-C7A5-4376-A066-2A32D752A2FF}</UniqueIdentifier>
      <Extensions>cpp;c;cc;cxx;c++;cppm;ixx;def;odl;idl;hpj;bat;asm;asmx</Extensions>
    </Filter>
    <Filter Include="Файлы заголовков">
      <UniqueIdentifier>{93995380-89BD-4b04-88EB-625FBE52EBFB}</UniqueIdentifier>
      <Extensions>h;hh;hpp;hxx;h++;hm;inl;inc;ipp;xsd</Extensions>
    </Filter>
    <Filter Include="Файлы ресурсов">
      <UniqueIdentifier>{67DA6AB6-F800-4c08-8B7A-83BB121AAD01}</UniqueIdentifier>
      <Extensions>rc;ico;cur;bmp;dlg;rc2;rct;bin;rgs;gif;jpg;jpeg;jpe;resx;tiff;tif;png;wav;mfcribbon-ms</Extensions>
    </Filter>
    <Filter Include="Исходные файлы\Shared">
      <UniqueIdentifier>{bf204c05-52cc-46aa-8fb7-42b802f8c925}</UniqueIdentifier>
    </Filter>
    <Filter Include="Исходные файлы\Components">
      <UniqueIdentifier>{894db70e-f312-4940-beef-91d73f4bd401}</UniqueIdentifier>
    </Filter>
    <Filter Include="Исходные файлы\Assets">
      <UniqueIdentifier>{60bc8e4d-baed-4473-ac01-69311654f674}</UniqueIdentifier>
    </Filter>
    <Filter Include="Исходные файлы\Renderer">
      <UniqueIdentifier>{2ffa8e37-7ccc-413b-b4bb-713db561c187}</UniqueIdentifier>
    </Filter>
    <Filter Include="Исходные файлы\System">
      <UniqueIdentifier>{5f4688da-3640-4ba2-afa9-b5fe5f694f68}</UniqueIdentifier>
    </Filter>
    <Filter Include="Исходные файлы\Math">
      <UniqueIdentifier>{a12ba527-c620-4af4-89ff-7056734a20ae}</UniqueIdentifier>
    </Filter>
    <Filter Include="Исходные файлы\Classes">
      <UniqueIdentifier>{9aee67e7-a4ca-4834-ac19-029a8e6763d4}</UniqueIdentifier>
    </Filter>
    <Filter Include="Исходные файлы\Classes\ImGui">
      <UniqueIdentifier>{c5b97f6e-2f3d-4388-a77e-c2171db7c598}</UniqueIdentifier>
    </Filter>
    <Filter Include="Исходные файлы\Scene">
      <UniqueIdentifier>{2083552b-33df-4c69-b3d8-cf3dacad79f6}</UniqueIdentifier>
    </Filter>
  </ItemGroup>
  <ItemGroup>
    <ClCompile Include="Source\Shared\IO.cpp">
      <Filter>Исходные файлы\Shared</Filter>
    </ClCompile>
    <ClCompile Include="Source\Shared\Path.cpp">
      <Filter>Исходные файлы\Shared</Filter>
    </ClCompile>
    <ClCompile Include="Source\Shared\String.cpp">
      <Filter>Исходные файлы\Shared</Filter>
    </ClCompile>
    <ClCompile Include="Source\Components\Transform.cpp">
      <Filter>Исходные файлы\Components</Filter>
    </ClCompile>
    <ClCompile Include="Source\Components\MeshRenderer.cpp">
      <Filter>Исходные файлы\Components</Filter>
    </ClCompile>
    <ClCompile Include="Source\Assets\Material.cpp">
      <Filter>Исходные файлы\Assets</Filter>
    </ClCompile>
    <ClCompile Include="Source\Assets\Mesh.cpp">
      <Filter>Исходные файлы\Assets</Filter>
    </ClCompile>
    <ClCompile Include="Source\Assets\Shader.cpp">
      <Filter>Исходные файлы\Assets</Filter>
    </ClCompile>
    <ClCompile Include="Source\Components\Component.cpp">
      <Filter>Исходные файлы\Components</Filter>
    </ClCompile>
    <ClCompile Include="Source\Assets\Asset.cpp">
      <Filter>Исходные файлы\Assets</Filter>
    </ClCompile>
    <ClCompile Include="Source\Renderer\Renderer.cpp">
      <Filter>Исходные файлы\Renderer</Filter>
    </ClCompile>
    <ClCompile Include="Source\Renderer\RendererGL4.cpp">
      <Filter>Исходные файлы\Renderer</Filter>
    </ClCompile>
    <ClCompile Include="Source\Components\Camera.cpp">
      <Filter>Исходные файлы\Components</Filter>
    </ClCompile>
    <ClCompile Include="Source\Assets\Texture.cpp">
      <Filter>Исходные файлы\Assets</Filter>
    </ClCompile>
    <ClCompile Include="Source\Renderer\VertexBuffer.cpp">
      <Filter>Исходные файлы\Renderer</Filter>
    </ClCompile>
    <ClCompile Include="Source\Math\AxisAlignedBox.cpp">
      <Filter>Исходные файлы\Math</Filter>
    </ClCompile>
    <ClCompile Include="Source\Math\Mathf.cpp">
      <Filter>Исходные файлы\Math</Filter>
    </ClCompile>
    <ClCompile Include="Source\Math\Plane.cpp">
      <Filter>Исходные файлы\Math</Filter>
    </ClCompile>
    <ClCompile Include="Source\Math\Ray.cpp">
      <Filter>Исходные файлы\Math</Filter>
    </ClCompile>
    <ClCompile Include="Source\Classes\bc7compressor.cpp">
      <Filter>Исходные файлы\Classes</Filter>
    </ClCompile>
    <ClCompile Include="Dependencies\imgui\imgui.cpp">
      <Filter>Исходные файлы\Classes\ImGui</Filter>
    </ClCompile>
    <ClCompile Include="Dependencies\imgui\imgui_demo.cpp">
      <Filter>Исходные файлы\Classes\ImGui</Filter>
    </ClCompile>
    <ClCompile Include="Dependencies\imgui\imgui_draw.cpp">
      <Filter>Исходные файлы\Classes\ImGui</Filter>
    </ClCompile>
    <ClCompile Include="Dependencies\imgui\imgui_tables.cpp">
      <Filter>Исходные файлы\Classes\ImGui</Filter>
    </ClCompile>
    <ClCompile Include="Dependencies\imgui\imgui_widgets.cpp">
      <Filter>Исходные файлы\Classes\ImGui</Filter>
    </ClCompile>
    <ClCompile Include="Source\Scene\Scene.cpp">
      <Filter>Исходные файлы\Scene</Filter>
    </ClCompile>
    <ClCompile Include="Source\Scene\Object.cpp">
      <Filter>Исходные файлы\Scene</Filter>
    </ClCompile>
    <ClCompile Include="Source\System\EventHandler.cpp">
      <Filter>Исходные файлы\System</Filter>
    </ClCompile>
    <ClCompile Include="Dependencies\imgui\ImGuizmo.cpp">
      <Filter>Исходные файлы\Classes\ImGui</Filter>
    </ClCompile>
    <ClCompile Include="Dependencies\imgui\imgui_impl_opengl3.cpp">
      <Filter>Исходные файлы\Classes\ImGui</Filter>
    </ClCompile>
    <ClCompile Include="Dependencies\imgui\imgui_impl_sdl2.cpp">
      <Filter>Исходные файлы\Classes\ImGui</Filter>
    </ClCompile>
    <ClCompile Include="Source\System\InputManager.cpp">
      <Filter>Исходные файлы\System</Filter>
    </ClCompile>
    <ClCompile Include="Source\Shared\Guid.cpp">
      <Filter>Исходные файлы\Shared</Filter>
    </ClCompile>
    <ClCompile Include="Source\System\DeviceContext.cpp">
      <Filter>Исходные файлы\System</Filter>
    </ClCompile>
    <ClCompile Include="Source\Shared\List.cpp">
      <Filter>Исходные файлы\Shared</Filter>
    </ClCompile>
  </ItemGroup>
  <ItemGroup>
    <ClInclude Include="Source\Shared\IO.h">
      <Filter>Исходные файлы\Shared</Filter>
    </ClInclude>
    <ClInclude Include="Source\Shared\Path.h">
      <Filter>Исходные файлы\Shared</Filter>
    </ClInclude>
    <ClInclude Include="Source\Shared\String.h">
      <Filter>Исходные файлы\Shared</Filter>
    </ClInclude>
    <ClInclude Include="Source\Components\Transform.h">
      <Filter>Исходные файлы\Components</Filter>
    </ClInclude>
    <ClInclude Include="Source\Components\MeshRenderer.h">
      <Filter>Исходные файлы\Components</Filter>
    </ClInclude>
    <ClInclude Include="Source\Assets\Material.h">
      <Filter>Исходные файлы\Assets</Filter>
    </ClInclude>
    <ClInclude Include="Source\Assets\Mesh.h">
      <Filter>Исходные файлы\Assets</Filter>
    </ClInclude>
    <ClInclude Include="Source\Assets\Shader.h">
      <Filter>Исходные файлы\Assets</Filter>
    </ClInclude>
    <ClInclude Include="Source\Components\Component.h">
      <Filter>Исходные файлы\Components</Filter>
    </ClInclude>
    <ClInclude Include="Source\Assets\Asset.h">
      <Filter>Исходные файлы\Assets</Filter>
    </ClInclude>
    <ClInclude Include="Source\Renderer\Renderer.h">
      <Filter>Исходные файлы\Renderer</Filter>
    </ClInclude>
    <ClInclude Include="Source\Renderer\RendererGL4.h">
      <Filter>Исходные файлы\Renderer</Filter>
    </ClInclude>
    <ClInclude Include="Source\Components\Camera.h">
      <Filter>Исходные файлы\Components</Filter>
    </ClInclude>
    <ClInclude Include="Source\Config.h">
      <Filter>Исходные файлы</Filter>
    </ClInclude>
    <ClInclude Include="Source\Assets\Texture.h">
      <Filter>Исходные файлы\Assets</Filter>
    </ClInclude>
    <ClInclude Include="Source\Renderer\Color.h">
      <Filter>Исходные файлы\Renderer</Filter>
    </ClInclude>
    <ClInclude Include="Source\Renderer\VertexBuffer.h">
      <Filter>Исходные файлы\Renderer</Filter>
    </ClInclude>
    <ClInclude Include="Source\Math\AxisAlignedBox.h">
      <Filter>Исходные файлы\Math</Filter>
    </ClInclude>
    <ClInclude Include="Source\Math\Mathf.h">
      <Filter>Исходные файлы\Math</Filter>
    </ClInclude>
    <ClInclude Include="Source\Math\Plane.h">
      <Filter>Исходные файлы\Math</Filter>
    </ClInclude>
    <ClInclude Include="Source\Math\Ray.h">
      <Filter>Исходные файлы\Math</Filter>
    </ClInclude>
    <ClInclude Include="Source\Classes\bc7compressor.h">
      <Filter>Исходные файлы\Classes</Filter>
    </ClInclude>
    <ClInclude Include="Dependencies\imgui\imconfig.h">
      <Filter>Исходные файлы\Classes\ImGui</Filter>
    </ClInclude>
    <ClInclude Include="Dependencies\imgui\imgui.h">
      <Filter>Исходные файлы\Classes\ImGui</Filter>
    </ClInclude>
    <ClInclude Include="Dependencies\imgui\imgui_internal.h">
      <Filter>Исходные файлы\Classes\ImGui</Filter>
    </ClInclude>
    <ClInclude Include="Dependencies\imgui\imstb_rectpack.h">
      <Filter>Исходные файлы\Classes\ImGui</Filter>
    </ClInclude>
    <ClInclude Include="Dependencies\imgui\imstb_textedit.h">
      <Filter>Исходные файлы\Classes\ImGui</Filter>
    </ClInclude>
    <ClInclude Include="Dependencies\imgui\imstb_truetype.h">
      <Filter>Исходные файлы\Classes\ImGui</Filter>
    </ClInclude>
    <ClInclude Include="Source\Scene\Scene.h">
      <Filter>Исходные файлы\Scene</Filter>
    </ClInclude>
    <ClInclude Include="Source\Scene\Object.h">
      <Filter>Исходные файлы\Scene</Filter>
    </ClInclude>
    <ClInclude Include="Source\Classes\dirent.h">
      <Filter>Исходные файлы\Classes</Filter>
    </ClInclude>
    <ClInclude Include="Source\System\EventHandler.h">
      <Filter>Исходные файлы\System</Filter>
    </ClInclude>
    <ClInclude Include="Dependencies\imgui\ImGuizmo.h">
      <Filter>Исходные файлы\Classes\ImGui</Filter>
    </ClInclude>
    <ClInclude Include="Dependencies\imgui\imgui_impl_opengl3.h">
      <Filter>Исходные файлы\Classes\ImGui</Filter>
    </ClInclude>
    <ClInclude Include="Dependencies\imgui\imgui_impl_sdl2.h">
      <Filter>Исходные файлы\Classes\ImGui</Filter>
    </ClInclude>
    <ClInclude Include="Source\System\InputManager.h">
      <Filter>Исходные файлы\System</Filter>
    </ClInclude>
    <ClInclude Include="Source\Classes\uuid.h">
      <Filter>Исходные файлы\Classes</Filter>
    </ClInclude>
    <ClInclude Include="Source\Shared\Guid.h">
      <Filter>Исходные файлы\Shared</Filter>
    </ClInclude>
    <ClInclude Include="Source\System\DeviceContext.h">
      <Filter>Исходные файлы\System</Filter>
    </ClInclude>
    <ClInclude Include="Source\Shared\List.h">
      <Filter>Исходные файлы\Shared</Filter>
    </ClInclude>
    <ClInclude Include="Source\Shared\Hash.h">
      <Filter>Исходные файлы\Shared</Filter>
    </ClInclude>
  </ItemGroup>
</Project>