<?xml version="1.0" encoding="utf-8"?>
<Project ToolsVersion="4.0" xmlns="http://schemas.microsoft.com/developer/msbuild/2003">
  <ItemGroup>
    <Filter Include="Исходные файлы">
      <UniqueIdentifier>{4FC737F1-C7A5-4376-A066-2A32D752A2FF}</UniqueIdentifier>
      <Extensions>cpp;c;cc;cxx;c++;cppm;ixx;def;odl;idl;hpj;bat;asm;asmx</Extensions>
    </Filter>
    <Filter Include="Файлы заголовков">
      <UniqueIdentifier>{93995380-89BD-4b04-88EB-625FBE52EBFB}</UniqueIdentifier>
      <Extensions>h;hh;hpp;hxx;h++;hm;inl;inc;ipp;xsd</Extensions>
    </Filter>
    <Filter Include="Файлы ресурсов">
      <UniqueIdentifier>{67DA6AB6-F800-4c08-8B7A-83BB121AAD01}</UniqueIdentifier>
      <Extensions>rc;ico;cur;bmp;dlg;rc2;rct;bin;rgs;gif;jpg;jpeg;jpe;resx;tiff;tif;png;wav;mfcribbon-ms</Extensions>
    </Filter>
    <Filter Include="Исходные файлы\Editor">
      <UniqueIdentifier>{cbf8e486-6889-4d38-bbe4-4e8a0282bce8}</UniqueIdentifier>
    </Filter>
    <Filter Include="Исходные файлы\CSG">
      <UniqueIdentifier>{2d12b8b4-7adc-4bd9-9dc0-ad5bdcd0110e}</UniqueIdentifier>
    </Filter>
    <Filter Include="Исходные файлы\Editor\Windows">
      <UniqueIdentifier>{2dbf7123-50df-408e-b6e0-e449f8edeb4f}</UniqueIdentifier>
    </Filter>
    <Filter Include="Исходные файлы\Editor\Controls">
      <UniqueIdentifier>{de117b95-b328-4047-84e7-f9e2b82dde62}</UniqueIdentifier>
    </Filter>
    <Filter Include="Исходные файлы\Editor\Modifiers">
      <UniqueIdentifier>{4e292aeb-6545-4956-8849-f5663955fe8a}</UniqueIdentifier>
    </Filter>
  </ItemGroup>
  <ItemGroup>
    <ClCompile Include="Source\Editor\CameraController.cpp">
      <Filter>Исходные файлы\Editor</Filter>
    </ClCompile>
    <ClCompile Include="Source\Editor\Gizmo.cpp">
      <Filter>Исходные файлы\Editor</Filter>
    </ClCompile>
    <ClCompile Include="Source\main.cpp">
      <Filter>Исходные файлы</Filter>
    </ClCompile>
    <ClCompile Include="Source\CSG\CSGBrush.cpp">
      <Filter>Исходные файлы\CSG</Filter>
    </ClCompile>
    <ClCompile Include="Source\CSG\CSGModel.cpp">
      <Filter>Исходные файлы\CSG</Filter>
    </ClCompile>
    <ClCompile Include="Source\CSG\CSGBrushCube.cpp">
      <Filter>Исходные файлы\CSG</Filter>
    </ClCompile>
    <ClCompile Include="Source\Editor\Rendering.cpp">
      <Filter>Исходные файлы\Editor</Filter>
    </ClCompile>
    <ClCompile Include="Source\Editor\Windows\Window.cpp">
      <Filter>Исходные файлы\Editor\Windows</Filter>
    </ClCompile>
    <ClCompile Include="Source\Editor\Windows\WindowManager.cpp">
      <Filter>Исходные файлы\Editor\Windows</Filter>
    </ClCompile>
    <ClCompile Include="Source\Editor\Windows\InspectorWindow.cpp">
      <Filter>Исходные файлы\Editor\Windows</Filter>
    </ClCompile>
    <ClCompile Include="Source\Editor\Windows\AssetsWindow.cpp">
      <Filter>Исходные файлы\Editor\Windows</Filter>
    </ClCompile>
    <ClCompile Include="Source\Editor\Windows\HierarchyWindow.cpp">
      <Filter>Исходные файлы\Editor\Windows</Filter>
    </ClCompile>
    <ClCompile Include="Source\Editor\Controls\Control.cpp">
      <Filter>Исходные файлы\Editor\Controls</Filter>
    </ClCompile>
    <ClCompile Include="Source\Editor\Controls\Container.cpp">
      <Filter>Исходные файлы\Editor\Controls</Filter>
    </ClCompile>
    <ClCompile Include="Source\Editor\Controls\Button.cpp">
      <Filter>Исходные файлы\Editor\Controls</Filter>
    </ClCompile>
    <ClCompile Include="Source\Editor\Controls\TreeView.cpp">
      <Filter>Исходные файлы\Editor\Controls</Filter>
    </ClCompile>
    <ClCompile Include="Source\Editor\Controls\MenuBar.cpp">
      <Filter>Исходные файлы\Editor\Controls</Filter>
    </ClCompile>
    <ClCompile Include="Source\Editor\Controls\LinearLayout.cpp">
      <Filter>Исходные файлы\Editor\Controls</Filter>
    </ClCompile>
    <ClCompile Include="Source\Editor\Controls\MenuItem.cpp">
      <Filter>Исходные файлы\Editor\Controls</Filter>
    </ClCompile>
    <ClCompile Include="Source\Editor\Controls\Separator.cpp">
      <Filter>Исходные файлы\Editor\Controls</Filter>
    </ClCompile>
    <ClCompile Include="Source\Editor\Controls\TreeNode.cpp">
      <Filter>Исходные файлы\Editor\Controls</Filter>
    </ClCompile>
    <ClCompile Include="Source\Editor\Windows\GizmoWindow.cpp">
      <Filter>Исходные файлы\Editor\Windows</Filter>
    </ClCompile>
    <ClCompile Include="Source\Editor\Windows\CSGObjectWindow.cpp">
      <Filter>Исходные файлы\Editor\Windows</Filter>
    </ClCompile>
    <ClCompile Include="Source\Editor\Windows\MainMenu.cpp">
      <Filter>Исходные файлы\Editor\Windows</Filter>
    </ClCompile>
    <ClCompile Include="Source\Editor\Windows\CSGEditWindow.cpp">
      <Filter>Исходные файлы\Editor\Windows</Filter>
    </ClCompile>
    <ClCompile Include="Source\Editor\Modifiers\CSGModifier.cpp">
      <Filter>Исходные файлы\Editor\Modifiers</Filter>
    </ClCompile>
    <ClCompile Include="Source\Editor\Modifiers\Modifier.cpp">
      <Filter>Исходные файлы\Editor\Modifiers</Filter>
    </ClCompile>
    <ClCompile Include="Source\Editor\Modifiers\ModifierManager.cpp">
      <Filter>Исходные файлы\Editor\Modifiers</Filter>
    </ClCompile>
    <ClCompile Include="Source\Editor\Windows\ObjectWindow.cpp">
      <Filter>Исходные файлы\Editor\Windows</Filter>
    </ClCompile>
    <ClCompile Include="Source\Editor\Windows\SceneWindow.cpp">
      <Filter>Исходные файлы\Editor\Windows</Filter>
    </ClCompile>
    <ClCompile Include="Source\Editor\Controls\Image.cpp">
      <Filter>Исходные файлы\Editor\Controls</Filter>
    </ClCompile>
  </ItemGroup>
  <ItemGroup>
    <ClInclude Include="Source\Editor\CameraController.h">
      <Filter>Исходные файлы\Editor</Filter>
    </ClInclude>
    <ClInclude Include="Source\Editor\Gizmo.h">
      <Filter>Исходные файлы\Editor</Filter>
    </ClInclude>
    <ClInclude Include="Source\CSG\CSGBrush.h">
      <Filter>Исходные файлы\CSG</Filter>
    </ClInclude>
    <ClInclude Include="Source\CSG\CSGModel.h">
      <Filter>Исходные файлы\CSG</Filter>
    </ClInclude>
    <ClInclude Include="Source\CSG\CSGBrushCube.h">
      <Filter>Исходные файлы\CSG</Filter>
    </ClInclude>
    <ClInclude Include="Source\Editor\Rendering.h">
      <Filter>Исходные файлы\Editor</Filter>
    </ClInclude>
    <ClInclude Include="Source\Editor\Windows\Window.h">
      <Filter>Исходные файлы\Editor\Windows</Filter>
    </ClInclude>
    <ClInclude Include="Source\Editor\Windows\WindowManager.h">
      <Filter>Исходные файлы\Editor\Windows</Filter>
    </ClInclude>
    <ClInclude Include="Source\Editor\Windows\InspectorWindow.h">
      <Filter>Исходные файлы\Editor\Windows</Filter>
    </ClInclude>
    <ClInclude Include="Source\Editor\Windows\AssetsWindow.h">
      <Filter>Исходные файлы\Editor\Windows</Filter>
    </ClInclude>
    <ClInclude Include="Source\Editor\Windows\HierarchyWindow.h">
      <Filter>Исходные файлы\Editor\Windows</Filter>
    </ClInclude>
    <ClInclude Include="Source\Editor\Controls\Control.h">
      <Filter>Исходные файлы\Editor\Controls</Filter>
    </ClInclude>
    <ClInclude Include="Source\Editor\Controls\Container.h">
      <Filter>Исходные файлы\Editor\Controls</Filter>
    </ClInclude>
    <ClInclude Include="Source\Editor\Controls\Button.h">
      <Filter>Исходные файлы\Editor\Controls</Filter>
    </ClInclude>
    <ClInclude Include="Source\Editor\Controls\TreeView.h">
      <Filter>Исходные файлы\Editor\Controls</Filter>
    </ClInclude>
    <ClInclude Include="Source\Editor\Controls\MenuBar.h">
      <Filter>Исходные файлы\Editor\Controls</Filter>
    </ClInclude>
    <ClInclude Include="Source\Editor\Controls\LinearLayout.h">
      <Filter>Исходные файлы\Editor\Controls</Filter>
    </ClInclude>
    <ClInclude Include="Source\Editor\Controls\MenuItem.h">
      <Filter>Исходные файлы\Editor\Controls</Filter>
    </ClInclude>
    <ClInclude Include="Source\Editor\Controls\Separator.h">
      <Filter>Исходные файлы\Editor\Controls</Filter>
    </ClInclude>
    <ClInclude Include="Source\Editor\Controls\TreeNode.h">
      <Filter>Исходные файлы\Editor\Controls</Filter>
    </ClInclude>
    <ClInclude Include="resource.h">
      <Filter>Файлы заголовков</Filter>
    </ClInclude>
    <ClInclude Include="Source\Editor\Windows\GizmoWindow.h">
      <Filter>Исходные файлы\Editor\Windows</Filter>
    </ClInclude>
    <ClInclude Include="Source\Editor\Windows\CSGObjectWindow.h">
      <Filter>Исходные файлы\Editor\Windows</Filter>
    </ClInclude>
    <ClInclude Include="Source\Editor\Windows\MainMenu.h">
      <Filter>Исходные файлы\Editor\Windows</Filter>
    </ClInclude>
    <ClInclude Include="Source\Editor\Windows\CSGEditWindow.h">
      <Filter>Исходные файлы\Editor\Windows</Filter>
    </ClInclude>
    <ClInclude Include="Source\Editor\Modifiers\CSGModifier.h">
      <Filter>Исходные файлы\Editor\Modifiers</Filter>
    </ClInclude>
    <ClInclude Include="Source\Editor\Modifiers\Modifier.h">
      <Filter>Исходные файлы\Editor\Modifiers</Filter>
    </ClInclude>
    <ClInclude Include="Source\Editor\Modifiers\ModifierManager.h">
      <Filter>Исходные файлы\Editor\Modifiers</Filter>
    </ClInclude>
    <ClInclude Include="Source\Editor\Controls\Style.h">
      <Filter>Исходные файлы\Editor\Controls</Filter>
    </ClInclude>
    <ClInclude Include="Source\Editor\Windows\ObjectWindow.h">
      <Filter>Исходные файлы\Editor\Windows</Filter>
    </ClInclude>
    <ClInclude Include="Source\Editor\Windows\SceneWindow.h">
      <Filter>Исходные файлы\Editor\Windows</Filter>
    </ClInclude>
    <ClInclude Include="Source\Editor\Controls\Image.h">
      <Filter>Исходные файлы\Editor\Controls</Filter>
    </ClInclude>
  </ItemGroup>
  <ItemGroup>
    <ResourceCompile Include="Editor.rc">
      <Filter>Файлы ресурсов</Filter>
    </ResourceCompile>
  </ItemGroup>
  <ItemGroup>
    <Image Include="corelogo.ico">
      <Filter>Файлы ресурсов</Filter>
    </Image>
  </ItemGroup>
</Project>